
Microsoft Visual Studio Solution File, Format Version 12.00
# Visual Studio 15
VisualStudioVersion = 15.0.28307.168
MinimumVisualStudioVersion = 10.0.40219.1
Project("{F184B08F-C81C-45F6-A57F-5ABD9991F28F}") = "UIDtoKeyboard", "UIDtoKeyboard\UIDtoKeyboard.vbproj", "{8C731CEE-C112-4BC2-B9C7-11F57C35183D}"
EndProject
Global
	GlobalSection(SolutionConfigurationPlatforms) = preSolution
		Debug|Any CPU = Debug|Any CPU
		Release|Any CPU = Release|Any CPU
	EndGlobalSection
	GlobalSection(ProjectConfigurationPlatforms) = postSolution
		{8C731CEE-C112-4BC2-B9C7-11F57C35183D}.Debug|Any CPU.ActiveCfg = Debug|Any CPU
		{8C731CEE-C112-4BC2-B9C7-11F57C35183D}.Debug|Any CPU.Build.0 = Debug|Any CPU
		{8C731CEE-C112-4BC2-B9C7-11F57C35183D}.Release|Any CPU.ActiveCfg = Release|Any CPU
		{8C731CEE-C112-4BC2-B9C7-11F57C35183D}.Release|Any CPU.Build.0 = Release|Any CPU
	EndGlobalSection
	GlobalSection(SolutionProperties) = preSolution
		HideSolutionNode = FALSE
	EndGlobalSection
	GlobalSection(ExtensibilityGlobals) = postSolution
		SolutionGuid = {0D6CBC40-2BCB-4FA0-B593-864C39ABB4D0}
	EndGlobalSection
EndGlobal
